
Microsoft Visual Studio Solution File, Format Version 12.00
# Visual Studio Version 17
VisualStudioVersion = 17.6.33815.320
MinimumVisualStudioVersion = 10.0.40219.1
Project("{FAE04EC0-301F-11D3-BF4B-00C04F79EFBC}") = "Zadanie 2", "Zadanie 2\Zadanie 2.csproj", "{F0B8401F-4279-47DC-99BB-C38570957EA3}"
EndProject
Global
	GlobalSection(SolutionConfigurationPlatforms) = preSolution
		Debug|Any CPU = Debug|Any CPU
		Release|Any CPU = Release|Any CPU
	EndGlobalSection
	GlobalSection(ProjectConfigurationPlatforms) = postSolution
		{F0B8401F-4279-47DC-99BB-C38570957EA3}.Debug|Any CPU.ActiveCfg = Debug|Any CPU
		{F0B8401F-4279-47DC-99BB-C38570957EA3}.Debug|Any CPU.Build.0 = Debug|Any CPU
		{F0B8401F-4279-47DC-99BB-C38570957EA3}.Release|Any CPU.ActiveCfg = Release|Any CPU
		{F0B8401F-4279-47DC-99BB-C38570957EA3}.Release|Any CPU.Build.0 = Release|Any CPU
	EndGlobalSection
	GlobalSection(SolutionProperties) = preSolution
		HideSolutionNode = FALSE
	EndGlobalSection
	GlobalSection(ExtensibilityGlobals) = postSolution
		SolutionGuid = {C65864D4-4B1D-4BD0-B717-9B281B88369B}
	EndGlobalSection
EndGlobal
