
Microsoft Visual Studio Solution File, Format Version 12.00
# Visual Studio Version 17
VisualStudioVersion = 17.6.33815.320
MinimumVisualStudioVersion = 10.0.40219.1
Project("{FAE04EC0-301F-11D3-BF4B-00C04F79EFBC}") = "ConsoleApp1", "ConsoleApp1\ConsoleApp1.csproj", "{976F1C10-DA29-4BDD-984B-FD8E3D1B6E04}"
EndProject
Global
	GlobalSection(SolutionConfigurationPlatforms) = preSolution
		Debug|Any CPU = Debug|Any CPU
		Release|Any CPU = Release|Any CPU
	EndGlobalSection
	GlobalSection(ProjectConfigurationPlatforms) = postSolution
		{976F1C10-DA29-4BDD-984B-FD8E3D1B6E04}.Debug|Any CPU.ActiveCfg = Debug|Any CPU
		{976F1C10-DA29-4BDD-984B-FD8E3D1B6E04}.Debug|Any CPU.Build.0 = Debug|Any CPU
		{976F1C10-DA29-4BDD-984B-FD8E3D1B6E04}.Release|Any CPU.ActiveCfg = Release|Any CPU
		{976F1C10-DA29-4BDD-984B-FD8E3D1B6E04}.Release|Any CPU.Build.0 = Release|Any CPU
	EndGlobalSection
	GlobalSection(SolutionProperties) = preSolution
		HideSolutionNode = FALSE
	EndGlobalSection
	GlobalSection(ExtensibilityGlobals) = postSolution
		SolutionGuid = {D786B27D-97CD-407A-B4C6-065C757C827D}
	EndGlobalSection
EndGlobal
